Microsoft Visual Studio Solution File, Format Version 12.00
Project("{FAE04EC0-301F-11D3-BF4B-00C04F79EFBC}") = "FlappyBird.Game", "sources\FlappyBird.Game\FlappyBird.Game.csproj", "{D43C2EF5-2B93-4EAC-8F74-B07E3CD3DAFF}"
EndProject
Project("{FAE04EC0-301F-11D3-BF4B-00C04F79EFBC}") = "FlappyBird.Meta", "sources\FlappyBird.Meta\FlappyBird.Meta.csproj", "{5096FCB7-36FA-429B-A173-8BC0BE2149C8}"
EndProject
Global
	GlobalSection(SolutionConfigurationPlatforms) = preSolution
		Debug|Any CPU = Debug|Any CPU
		Release|Any CPU = Release|Any CPU
	EndGlobalSection
	
	GlobalSection(ProjectConfigurationPlatforms) = postSolution
		{D43C2EF5-2B93-4EAC-8F74-B07E3CD3DAFF}.Debug|Any CPU.ActiveCfg = Debug|Any CPU
		{D43C2EF5-2B93-4EAC-8F74-B07E3CD3DAFF}.Debug|Any CPU.Build.0 = Debug|Any CPU
		{D43C2EF5-2B93-4EAC-8F74-B07E3CD3DAFF}.Release|Any CPU.ActiveCfg = Release|Any CPU
		{D43C2EF5-2B93-4EAC-8F74-B07E3CD3DAFF}.Release|Any CPU.Build.0 = Release|Any CPU
		{5096FCB7-36FA-429B-A173-8BC0BE2149C8}.Debug|Any CPU.ActiveCfg = Debug|Any CPU
		{5096FCB7-36FA-429B-A173-8BC0BE2149C8}.Debug|Any CPU.Build.0 = Debug|Any CPU
		{5096FCB7-36FA-429B-A173-8BC0BE2149C8}.Release|Any CPU.ActiveCfg = Release|Any CPU
		{5096FCB7-36FA-429B-A173-8BC0BE2149C8}.Release|Any CPU.Build.0 = Release|Any CPU
	EndGlobalSection
EndGlobal
